
Microsoft Visual Studio Solution File, Format Version 12.00
# 
Project("{FAE04EC0-301F-11D3-BF4B-00C04F79EFBC}") = "AzureWebApp2", "AzureWebApp2.csproj", "{3FB9E216-D396-4475-BDF1-5CCD0FBAD60B}"
EndProject
Project("{2150E333-8FDC-42A3-9474-1A3956D46DE8}") = "Solution Items", "Solution Items", "{334F2CB6-7876-415F-9035-CBA097675518}"
	ProjectSection(SolutionItems) = preProject
		compose.yaml = compose.yaml
	EndProjectSection
EndProject
Project("{FAE04EC0-301F-11D3-BF4B-00C04F79EFBC}") = "AzureWebApp2Tests", "..\AzureWebApp2Tests\AzureWebApp2Tests.csproj", "{5045959E-885C-4192-8374-4A8048816FF4}"
EndProject
Global
	GlobalSection(SolutionConfigurationPlatforms) = preSolution
		Debug|Any CPU = Debug|Any CPU
		Release|Any CPU = Release|Any CPU
	EndGlobalSection
	GlobalSection(ProjectConfigurationPlatforms) = postSolution
		{3FB9E216-D396-4475-BDF1-5CCD0FBAD60B}.Debug|Any CPU.ActiveCfg = Debug|Any CPU
		{3FB9E216-D396-4475-BDF1-5CCD0FBAD60B}.Debug|Any CPU.Build.0 = Debug|Any CPU
		{3FB9E216-D396-4475-BDF1-5CCD0FBAD60B}.Release|Any CPU.ActiveCfg = Release|Any CPU
		{3FB9E216-D396-4475-BDF1-5CCD0FBAD60B}.Release|Any CPU.Build.0 = Release|Any CPU
		{5045959E-885C-4192-8374-4A8048816FF4}.Debug|Any CPU.ActiveCfg = Debug|Any CPU
		{5045959E-885C-4192-8374-4A8048816FF4}.Debug|Any CPU.Build.0 = Debug|Any CPU
		{5045959E-885C-4192-8374-4A8048816FF4}.Release|Any CPU.ActiveCfg = Release|Any CPU
		{5045959E-885C-4192-8374-4A8048816FF4}.Release|Any CPU.Build.0 = Release|Any CPU
	EndGlobalSection
EndGlobal
